{
  "object": {
    "pins": [
      {
        "package": "SQLele",
        "repositoryURL": "https://github.com/ahti/SQLele.git",
        "state": {
          "branch": "master",
          "revision": "f33468c24c7e92b76493f83287c3812f64170eba",
          "version": null
        }
      }
    ]
  },
  "version": 1
}
