{
  "object": {
    "pins": [
      {
        "package": "SQLele",
        "repositoryURL": "https://github.com/ahti/SQLele.git",
        "state": {
          "branch": "master",
          "revision": "9e021b22c579a052fd2ed1641d76aeef4c7bf1eb",
          "version": null
        }
      }
    ]
  },
  "version": 1
}
